
Microsoft Visual Studio Solution File, Format Version 12.00
# Visual Studio 2013
VisualStudioVersion = 12.0.21005.1
MinimumVisualStudioVersion = 10.0.40219.1
Project("{8BC9CEB8-8B4A-11D0-8D11-00A0C91BC942}") = "analyzer", "analyzer\analyzer.vcxproj", "{25871FA2-314D-49C2-9C84-8877E7A87C5A}"
EndProject
Project("{8BC9CEB8-8B4A-11D0-8D11-00A0C91BC942}") = "checker", "checker\checker.vcxproj", "{A2FC6775-4A4D-4389-B385-2C5046DE1730}"
EndProject
Project("{8BC9CEB8-8B4A-11D0-8D11-00A0C91BC942}") = "libumlec", "libumlec\libumlec.vcxproj", "{3D192AA6-DCAA-4B3D-A162-F683F1EF1FBA}"
EndProject
Global
	GlobalSection(SolutionConfigurationPlatforms) = preSolution
		Debug|Win32 = Debug|Win32
		Release|Win32 = Release|Win32
	EndGlobalSection
	GlobalSection(ProjectConfigurationPlatforms) = postSolution
		{25871FA2-314D-49C2-9C84-8877E7A87C5A}.Debug|Win32.ActiveCfg = Debug|Win32
		{25871FA2-314D-49C2-9C84-8877E7A87C5A}.Debug|Win32.Build.0 = Debug|Win32
		{25871FA2-314D-49C2-9C84-8877E7A87C5A}.Release|Win32.ActiveCfg = Release|Win32
		{25871FA2-314D-49C2-9C84-8877E7A87C5A}.Release|Win32.Build.0 = Release|Win32
		{A2FC6775-4A4D-4389-B385-2C5046DE1730}.Debug|Win32.ActiveCfg = Debug|Win32
		{A2FC6775-4A4D-4389-B385-2C5046DE1730}.Debug|Win32.Build.0 = Debug|Win32
		{A2FC6775-4A4D-4389-B385-2C5046DE1730}.Release|Win32.ActiveCfg = Release|Win32
		{A2FC6775-4A4D-4389-B385-2C5046DE1730}.Release|Win32.Build.0 = Release|Win32
		{3D192AA6-DCAA-4B3D-A162-F683F1EF1FBA}.Debug|Win32.ActiveCfg = Debug|Win32
		{3D192AA6-DCAA-4B3D-A162-F683F1EF1FBA}.Debug|Win32.Build.0 = Debug|Win32
		{3D192AA6-DCAA-4B3D-A162-F683F1EF1FBA}.Release|Win32.ActiveCfg = Release|Win32
		{3D192AA6-DCAA-4B3D-A162-F683F1EF1FBA}.Release|Win32.Build.0 = Release|Win32
	EndGlobalSection
	GlobalSection(SolutionProperties) = preSolution
		HideSolutionNode = FALSE
	EndGlobalSection
EndGlobal
